
Microsoft Visual Studio Solution File, Format Version 12.00
# Visual Studio 14
VisualStudioVersion = 14.0.25420.1
MinimumVisualStudioVersion = 10.0.40219.1
Project("{FAE04EC0-301F-11D3-BF4B-00C04F79EFBC}") = "MinksTeleportSystem", "TeleportSystem\MinksTeleportSystem.csproj", "{768161ED-290C-4081-A6A4-E6C111F39CA3}"
EndProject
Project("{FAE04EC0-301F-11D3-BF4B-00C04F79EFBC}") = "Tools", "Tools\Tools.csproj", "{64247DF8-4196-4B1D-A419-4CBD2D54598D}"
EndProject
Global
	GlobalSection(SolutionConfigurationPlatforms) = preSolution
		Debug|Any CPU = Debug|Any CPU
		Release|Any CPU = Release|Any CPU
	EndGlobalSection
	GlobalSection(ProjectConfigurationPlatforms) = postSolution
		{768161ED-290C-4081-A6A4-E6C111F39CA3}.Debug|Any CPU.ActiveCfg = Release|Any CPU
		{768161ED-290C-4081-A6A4-E6C111F39CA3}.Debug|Any CPU.Build.0 = Release|Any CPU
		{768161ED-290C-4081-A6A4-E6C111F39CA3}.Release|Any CPU.ActiveCfg = Release|Any CPU
		{768161ED-290C-4081-A6A4-E6C111F39CA3}.Release|Any CPU.Build.0 = Release|Any CPU
		{64247DF8-4196-4B1D-A419-4CBD2D54598D}.Debug|Any CPU.ActiveCfg = Release|Any CPU
		{64247DF8-4196-4B1D-A419-4CBD2D54598D}.Debug|Any CPU.Build.0 = Release|Any CPU
		{64247DF8-4196-4B1D-A419-4CBD2D54598D}.Release|Any CPU.ActiveCfg = Release|Any CPU
		{64247DF8-4196-4B1D-A419-4CBD2D54598D}.Release|Any CPU.Build.0 = Release|Any CPU
	EndGlobalSection
	GlobalSection(SolutionProperties) = preSolution
		HideSolutionNode = FALSE
	EndGlobalSection
EndGlobal
